
Microsoft Visual Studio Solution File, Format Version 12.00
# Visual Studio Version 17
VisualStudioVersion = 17.7.34024.191
MinimumVisualStudioVersion = 10.0.40219.1
Project("{FAE04EC0-301F-11D3-BF4B-00C04F79EFBC}") = "Dot-Dot", "Dot-Dot.csproj", "{BF79A500-FB4F-4BB3-A5B3-3FCF80AAC855}"
EndProject
Global
	GlobalSection(SolutionConfigurationPlatforms) = preSolution
		Debug|Any CPU = Debug|Any CPU
		Release|Any CPU = Release|Any CPU
	EndGlobalSection
	GlobalSection(ProjectConfigurationPlatforms) = postSolution
		{BF79A500-FB4F-4BB3-A5B3-3FCF80AAC855}.Debug|Any CPU.ActiveCfg = Debug|Any CPU
		{BF79A500-FB4F-4BB3-A5B3-3FCF80AAC855}.Debug|Any CPU.Build.0 = Debug|Any CPU
		{BF79A500-FB4F-4BB3-A5B3-3FCF80AAC855}.Release|Any CPU.ActiveCfg = Release|Any CPU
		{BF79A500-FB4F-4BB3-A5B3-3FCF80AAC855}.Release|Any CPU.Build.0 = Release|Any CPU
	EndGlobalSection
	GlobalSection(SolutionProperties) = preSolution
		HideSolutionNode = FALSE
	EndGlobalSection
	GlobalSection(ExtensibilityGlobals) = postSolution
		SolutionGuid = {7378E888-7DBA-43FA-AE7F-DC1DCA2F3D10}
	EndGlobalSection
EndGlobal
